// !$*UTF8*$!
{
	archiveVersion = 1;
	classes = {
	};
	objectVersion = 56;
	objects = {

/* Begin PBXBuildFile section */
		D7214A032B4AC72200162B0F /* CustomBoxView.swift in Sources */ = {isa = PBXBuildFile; fileRef = D7214A022B4AC72200162B0F /* CustomBoxView.swift */; };
		D7214A052B4B198100162B0F /* PlacesPointView.swift in Sources */ = {isa = PBXBuildFile; fileRef = D7214A042B4B198100162B0F /* PlacesPointView.swift */; };
		D7214A072B4B1E0400162B0F /* CustomDisclosureView.swift in Sources */ = {isa = PBXBuildFile; fileRef = D7214A062B4B1E0400162B0F /* CustomDisclosureView.swift */; };
		D7B338E52B49FE300064812F /* BfaTurismoCloneApp.swift in Sources */ = {isa = PBXBuildFile; fileRef = D7B338E42B49FE300064812F /* BfaTurismoCloneApp.swift */; };
		D7B338E72B49FE300064812F /* ContentView.swift in Sources */ = {isa = PBXBuildFile; fileRef = D7B338E62B49FE300064812F /* ContentView.swift */; };
		D7B338E92B49FE320064812F /* Assets.xcassets in Resources */ = {isa = PBXBuildFile; fileRef = D7B338E82B49FE320064812F /* Assets.xcassets */; };
		D7B338EC2B49FE320064812F /* Preview Assets.xcassets in Resources */ = {isa = PBXBuildFile; fileRef = D7B338EB2B49FE320064812F /* Preview Assets.xcassets */; };
		D7B338F72B4A00EB0064812F /* Place.swift in Sources */ = {isa = PBXBuildFile; fileRef = D7B338F62B4A00EB0064812F /* Place.swift */; };
		D7B338FA2B4A02400064812F /* FruitData.swift in Sources */ = {isa = PBXBuildFile; fileRef = D7B338F92B4A02400064812F /* FruitData.swift */; };
		D7B338FC2B4A0A690064812F /* HomeView.swift in Sources */ = {isa = PBXBuildFile; fileRef = D7B338FB2B4A0A690064812F /* HomeView.swift */; };
		D7B338FE2B4A0AC90064812F /* PlaceLeftView.swift in Sources */ = {isa = PBXBuildFile; fileRef = D7B338FD2B4A0AC90064812F /* PlaceLeftView.swift */; };
		D7B339002B4A157A0064812F /* PlaceRightView.swift in Sources */ = {isa = PBXBuildFile; fileRef = D7B338FF2B4A157A0064812F /* PlaceRightView.swift */; };
		D7B339022B4A371A0064812F /* HeaderView.swift in Sources */ = {isa = PBXBuildFile; fileRef = D7B339012B4A371A0064812F /* HeaderView.swift */; };
		D7B339042B4A4D900064812F /* PlaceDetailView.swift in Sources */ = {isa = PBXBuildFile; fileRef = D7B339032B4A4D900064812F /* PlaceDetailView.swift */; };
		D7B339072B4A53D60064812F /* PlaceBodyDetailView.swift in Sources */ = {isa = PBXBuildFile; fileRef = D7B339062B4A53D60064812F /* PlaceBodyDetailView.swift */; };
		D7B339092B4A584F0064812F /* SmallerTextView.swift in Sources */ = {isa = PBXBuildFile; fileRef = D7B339082B4A584F0064812F /* SmallerTextView.swift */; };
		D7FDD35A2B5431D40088D455 /* IntroView.swift in Sources */ = {isa = PBXBuildFile; fileRef = D7FDD3592B5431D40088D455 /* IntroView.swift */; };
		D7FDD35C2B5433040088D455 /* Intro.swift in Sources */ = {isa = PBXBuildFile; fileRef = D7FDD35B2B5433040088D455 /* Intro.swift */; };
/* End PBXBuildFile section */

/* Begin PBXFileReference section */
		D7214A022B4AC72200162B0F /* CustomBoxView.swift */ = {isa = PBXFileReference; lastKnownFileType = sourcecode.swift; path = CustomBoxView.swift; sourceTree = "<group>"; };
		D7214A042B4B198100162B0F /* PlacesPointView.swift */ = {isa = PBXFileReference; lastKnownFileType = sourcecode.swift; path = PlacesPointView.swift; sourceTree = "<group>"; };
		D7214A062B4B1E0400162B0F /* CustomDisclosureView.swift */ = {isa = PBXFileReference; lastKnownFileType = sourcecode.swift; path = CustomDisclosureView.swift; sourceTree = "<group>"; };
		D7B338E12B49FE300064812F /* BfaTurismoClone.app */ = {isa = PBXFileReference; explicitFileType = wrapper.application; includeInIndex = 0; path = BfaTurismoClone.app; sourceTree = BUILT_PRODUCTS_DIR; };
		D7B338E42B49FE300064812F /* BfaTurismoCloneApp.swift */ = {isa = PBXFileReference; lastKnownFileType = sourcecode.swift; path = BfaTurismoCloneApp.swift; sourceTree = "<group>"; };
		D7B338E62B49FE300064812F /* ContentView.swift */ = {isa = PBXFileReference; lastKnownFileType = sourcecode.swift; path = ContentView.swift; sourceTree = "<group>"; };
		D7B338E82B49FE320064812F /* Assets.xcassets */ = {isa = PBXFileReference; lastKnownFileType = folder.assetcatalog; path = Assets.xcassets; sourceTree = "<group>"; };
		D7B338EB2B49FE320064812F /* Preview Assets.xcassets */ = {isa = PBXFileReference; lastKnownFileType = folder.assetcatalog; path = "Preview Assets.xcassets"; sourceTree = "<group>"; };
		D7B338F62B4A00EB0064812F /* Place.swift */ = {isa = PBXFileReference; lastKnownFileType = sourcecode.swift; path = Place.swift; sourceTree = "<group>"; };
		D7B338F92B4A02400064812F /* FruitData.swift */ = {isa = PBXFileReference; lastKnownFileType = sourcecode.swift; path = FruitData.swift; sourceTree = "<group>"; };
		D7B338FB2B4A0A690064812F /* HomeView.swift */ = {isa = PBXFileReference; lastKnownFileType = sourcecode.swift; path = HomeView.swift; sourceTree = "<group>"; };
		D7B338FD2B4A0AC90064812F /* PlaceLeftView.swift */ = {isa = PBXFileReference; lastKnownFileType = sourcecode.swift; path = PlaceLeftView.swift; sourceTree = "<group>"; };
		D7B338FF2B4A157A0064812F /* PlaceRightView.swift */ = {isa = PBXFileReference; lastKnownFileType = sourcecode.swift; path = PlaceRightView.swift; sourceTree = "<group>"; };
		D7B339012B4A371A0064812F /* HeaderView.swift */ = {isa = PBXFileReference; lastKnownFileType = sourcecode.swift; path = HeaderView.swift; sourceTree = "<group>"; };
		D7B339032B4A4D900064812F /* PlaceDetailView.swift */ = {isa = PBXFileReference; lastKnownFileType = sourcecode.swift; path = PlaceDetailView.swift; sourceTree = "<group>"; };
		D7B339062B4A53D60064812F /* PlaceBodyDetailView.swift */ = {isa = PBXFileReference; lastKnownFileType = sourcecode.swift; path = PlaceBodyDetailView.swift; sourceTree = "<group>"; };
		D7B339082B4A584F0064812F /* SmallerTextView.swift */ = {isa = PBXFileReference; lastKnownFileType = sourcecode.swift; path = SmallerTextView.swift; sourceTree = "<group>"; };
		D7FDD3592B5431D40088D455 /* IntroView.swift */ = {isa = PBXFileReference; lastKnownFileType = sourcecode.swift; path = IntroView.swift; sourceTree = "<group>"; };
		D7FDD35B2B5433040088D455 /* Intro.swift */ = {isa = PBXFileReference; lastKnownFileType = sourcecode.swift; path = Intro.swift; sourceTree = "<group>"; };
/* End PBXFileReference section */

/* Begin PBXFrameworksBuildPhase section */
		D7B338DE2B49FE300064812F /* Frameworks */ = {
			isa = PBXFrameworksBuildPhase;
			buildActionMask = 2147483647;
			files = (
			);
			runOnlyForDeploymentPostprocessing = 0;
		};
/* End PBXFrameworksBuildPhase section */

/* Begin PBXGroup section */
		D7B338D82B49FE300064812F = {
			isa = PBXGroup;
			children = (
				D7B338E32B49FE300064812F /* BfaTurismoClone */,
				D7B338E22B49FE300064812F /* Products */,
			);
			sourceTree = "<group>";
		};
		D7B338E22B49FE300064812F /* Products */ = {
			isa = PBXGroup;
			children = (
				D7B338E12B49FE300064812F /* BfaTurismoClone.app */,
			);
			name = Products;
			sourceTree = "<group>";
		};
		D7B338E32B49FE300064812F /* BfaTurismoClone */ = {
			isa = PBXGroup;
			children = (
				D7B338F52B4A00CF0064812F /* App */,
				D7B338F42B4A00C40064812F /* View */,
				D7B338F32B4A00BD0064812F /* Model */,
				D7B338F22B4A00B50064812F /* Data */,
				D7B338E82B49FE320064812F /* Assets.xcassets */,
				D7B338EA2B49FE320064812F /* Preview Content */,
			);
			path = BfaTurismoClone;
			sourceTree = "<group>";
		};
		D7B338EA2B49FE320064812F /* Preview Content */ = {
			isa = PBXGroup;
			children = (
				D7B338EB2B49FE320064812F /* Preview Assets.xcassets */,
			);
			path = "Preview Content";
			sourceTree = "<group>";
		};
		D7B338F22B4A00B50064812F /* Data */ = {
			isa = PBXGroup;
			children = (
				D7B338F92B4A02400064812F /* FruitData.swift */,
			);
			path = Data;
			sourceTree = "<group>";
		};
		D7B338F32B4A00BD0064812F /* Model */ = {
			isa = PBXGroup;
			children = (
				D7B338F62B4A00EB0064812F /* Place.swift */,
				D7FDD35B2B5433040088D455 /* Intro.swift */,
			);
			path = Model;
			sourceTree = "<group>";
		};
		D7B338F42B4A00C40064812F /* View */ = {
			isa = PBXGroup;
			children = (
				D7B338FD2B4A0AC90064812F /* PlaceLeftView.swift */,
				D7B338FF2B4A157A0064812F /* PlaceRightView.swift */,
				D7B339012B4A371A0064812F /* HeaderView.swift */,
				D7B339062B4A53D60064812F /* PlaceBodyDetailView.swift */,
				D7B339082B4A584F0064812F /* SmallerTextView.swift */,
				D7214A022B4AC72200162B0F /* CustomBoxView.swift */,
				D7214A042B4B198100162B0F /* PlacesPointView.swift */,
				D7214A062B4B1E0400162B0F /* CustomDisclosureView.swift */,
			);
			path = View;
			sourceTree = "<group>";
		};
		D7B338F52B4A00CF0064812F /* App */ = {
			isa = PBXGroup;
			children = (
				D7B338E42B49FE300064812F /* BfaTurismoCloneApp.swift */,
				D7B338E62B49FE300064812F /* ContentView.swift */,
				D7B338FB2B4A0A690064812F /* HomeView.swift */,
				D7B339032B4A4D900064812F /* PlaceDetailView.swift */,
				D7FDD3592B5431D40088D455 /* IntroView.swift */,
			);
			path = App;
			sourceTree = "<group>";
		};
/* End PBXGroup section */

/* Begin PBXNativeTarget section */
		D7B338E02B49FE300064812F /* BfaTurismoClone */ = {
			isa = PBXNativeTarget;
			buildConfigurationList = D7B338EF2B49FE320064812F /* Build configuration list for PBXNativeTarget "BfaTurismoClone" */;
			buildPhases = (
				D7B338DD2B49FE300064812F /* Sources */,
				D7B338DE2B49FE300064812F /* Frameworks */,
				D7B338DF2B49FE300064812F /* Resources */,
			);
			buildRules = (
			);
			dependencies = (
			);
			name = BfaTurismoClone;
			productName = BfaTurismoClone;
			productReference = D7B338E12B49FE300064812F /* BfaTurismoClone.app */;
			productType = "com.apple.product-type.application";
		};
/* End PBXNativeTarget section */

/* Begin PBXProject section */
		D7B338D92B49FE300064812F /* Project object */ = {
			isa = PBXProject;
			attributes = {
				BuildIndependentTargetsInParallel = 1;
				LastSwiftUpdateCheck = 1510;
				LastUpgradeCheck = 1510;
				TargetAttributes = {
					D7B338E02B49FE300064812F = {
						CreatedOnToolsVersion = 15.1;
					};
				};
			};
			buildConfigurationList = D7B338DC2B49FE300064812F /* Build configuration list for PBXProject "BfaTurismoClone" */;
			compatibilityVersion = "Xcode 14.0";
			developmentRegion = en;
			hasScannedForEncodings = 0;
			knownRegions = (
				en,
				Base,
			);
			mainGroup = D7B338D82B49FE300064812F;
			productRefGroup = D7B338E22B49FE300064812F /* Products */;
			projectDirPath = "";
			projectRoot = "";
			targets = (
				D7B338E02B49FE300064812F /* BfaTurismoClone */,
			);
		};
/* End PBXProject section */

/* Begin PBXResourcesBuildPhase section */
		D7B338DF2B49FE300064812F /* Resources */ = {
			isa = PBXResourcesBuildPhase;
			buildActionMask = 2147483647;
			files = (
				D7B338EC2B49FE320064812F /* Preview Assets.xcassets in Resources */,
				D7B338E92B49FE320064812F /* Assets.xcassets in Resources */,
			);
			runOnlyForDeploymentPostprocessing = 0;
		};
/* End PBXResourcesBuildPhase section */

/* Begin PBXSourcesBuildPhase section */
		D7B338DD2B49FE300064812F /* Sources */ = {
			isa = PBXSourcesBuildPhase;
			buildActionMask = 2147483647;
			files = (
				D7B338FE2B4A0AC90064812F /* PlaceLeftView.swift in Sources */,
				D7B339072B4A53D60064812F /* PlaceBodyDetailView.swift in Sources */,
				D7FDD35C2B5433040088D455 /* Intro.swift in Sources */,
				D7FDD35A2B5431D40088D455 /* IntroView.swift in Sources */,
				D7B338F72B4A00EB0064812F /* Place.swift in Sources */,
				D7B338E72B49FE300064812F /* ContentView.swift in Sources */,
				D7B338FA2B4A02400064812F /* FruitData.swift in Sources */,
				D7B339042B4A4D900064812F /* PlaceDetailView.swift in Sources */,
				D7B339002B4A157A0064812F /* PlaceRightView.swift in Sources */,
				D7214A052B4B198100162B0F /* PlacesPointView.swift in Sources */,
				D7214A072B4B1E0400162B0F /* CustomDisclosureView.swift in Sources */,
				D7B338FC2B4A0A690064812F /* HomeView.swift in Sources */,
				D7214A032B4AC72200162B0F /* CustomBoxView.swift in Sources */,
				D7B338E52B49FE300064812F /* BfaTurismoCloneApp.swift in Sources */,
				D7B339092B4A584F0064812F /* SmallerTextView.swift in Sources */,
				D7B339022B4A371A0064812F /* HeaderView.swift in Sources */,
			);
			runOnlyForDeploymentPostprocessing = 0;
		};
/* End PBXSourcesBuildPhase section */

/* Begin XCBuildConfiguration section */
		D7B338ED2B49FE320064812F /* Debug */ = {
			isa = XCBuildConfiguration;
			buildSettings = {
				ALWAYS_SEARCH_USER_PATHS = NO;
				ASSETCATALOG_COMPILER_GENERATE_SWIFT_ASSET_SYMBOL_EXTENSIONS = YES;
				CLANG_ANALYZER_NONNULL = YES;
				CLANG_ANALYZER_NUMBER_OBJECT_CONVERSION = YES_AGGRESSIVE;
				CLANG_CXX_LANGUAGE_STANDARD = "gnu++20";
				CLANG_ENABLE_MODULES = YES;
				CLANG_ENABLE_OBJC_ARC = YES;
				CLANG_ENABLE_OBJC_WEAK = YES;
				CLANG_WARN_BLOCK_CAPTURE_AUTORELEASING = YES;
				CLANG_WARN_BOOL_CONVERSION = YES;
				CLANG_WARN_COMMA = YES;
				CLANG_WARN_CONSTANT_CONVERSION = YES;
				CLANG_WARN_DEPRECATED_OBJC_IMPLEMENTATIONS = YES;
				CLANG_WARN_DIRECT_OBJC_ISA_USAGE = YES_ERROR;
				CLANG_WARN_DOCUMENTATION_COMMENTS = YES;
				CLANG_WARN_EMPTY_BODY = YES;
				CLANG_WARN_ENUM_CONVERSION = YES;
				CLANG_WARN_INFINITE_RECURSION = YES;
				CLANG_WARN_INT_CONVERSION = YES;
				CLANG_WARN_NON_LITERAL_NULL_CONVERSION = YES;
				CLANG_WARN_OBJC_IMPLICIT_RETAIN_SELF = YES;
				CLANG_WARN_OBJC_LITERAL_CONVERSION = YES;
				CLANG_WARN_OBJC_ROOT_CLASS = YES_ERROR;
				CLANG_WARN_QUOTED_INCLUDE_IN_FRAMEWORK_HEADER = YES;
				CLANG_WARN_RANGE_LOOP_ANALYSIS = YES;
				CLANG_WARN_STRICT_PROTOTYPES = YES;
				CLANG_WARN_SUSPICIOUS_MOVE = YES;
				CLANG_WARN_UNGUARDED_AVAILABILITY = YES_AGGRESSIVE;
				CLANG_WARN_UNREACHABLE_CODE = YES;
				CLANG_WARN__DUPLICATE_METHOD_MATCH = YES;
				COPY_PHASE_STRIP = NO;
				DEBUG_INFORMATION_FORMAT = dwarf;
				ENABLE_STRICT_OBJC_MSGSEND = YES;
				ENABLE_TESTABILITY = YES;
				ENABLE_USER_SCRIPT_SANDBOXING = YES;
				GCC_C_LANGUAGE_STANDARD = gnu17;
				GCC_DYNAMIC_NO_PIC = NO;
				GCC_NO_COMMON_BLOCKS = YES;
				GCC_OPTIMIZATION_LEVEL = 0;
				GCC_PREPROCESSOR_DEFINITIONS = (
					"DEBUG=1",
					"$(inherited)",
				);
				GCC_WARN_64_TO_32_BIT_CONVERSION = YES;
				GCC_WARN_ABOUT_RETURN_TYPE = YES_ERROR;
				GCC_WARN_UNDECLARED_SELECTOR = YES;
				GCC_WARN_UNINITIALIZED_AUTOS = YES_AGGRESSIVE;
				GCC_WARN_UNUSED_FUNCTION = YES;
				GCC_WARN_UNUSED_VARIABLE = YES;
				IPHONEOS_DEPLOYMENT_TARGET = 17.2;
				LOCALIZATION_PREFERS_STRING_CATALOGS = YES;
				MTL_ENABLE_DEBUG_INFO = INCLUDE_SOURCE;
				MTL_FAST_MATH = YES;
				ONLY_ACTIVE_ARCH = YES;
				SDKROOT = iphoneos;
				SWIFT_ACTIVE_COMPILATION_CONDITIONS = "DEBUG $(inherited)";
				SWIFT_OPTIMIZATION_LEVEL = "-Onone";
			};
			name = Debug;
		};
		D7B338EE2B49FE320064812F /* Release */ = {
			isa = XCBuildConfiguration;
			buildSettings = {
				ALWAYS_SEARCH_USER_PATHS = NO;
				ASSETCATALOG_COMPILER_GENERATE_SWIFT_ASSET_SYMBOL_EXTENSIONS = YES;
				CLANG_ANALYZER_NONNULL = YES;
				CLANG_ANALYZER_NUMBER_OBJECT_CONVERSION = YES_AGGRESSIVE;
				CLANG_CXX_LANGUAGE_STANDARD = "gnu++20";
				CLANG_ENABLE_MODULES = YES;
				CLANG_ENABLE_OBJC_ARC = YES;
				CLANG_ENABLE_OBJC_WEAK = YES;
				CLANG_WARN_BLOCK_CAPTURE_AUTORELEASING = YES;
				CLANG_WARN_BOOL_CONVERSION = YES;
				CLANG_WARN_COMMA = YES;
				CLANG_WARN_CONSTANT_CONVERSION = YES;
				CLANG_WARN_DEPRECATED_OBJC_IMPLEMENTATIONS = YES;
				CLANG_WARN_DIRECT_OBJC_ISA_USAGE = YES_ERROR;
				CLANG_WARN_DOCUMENTATION_COMMENTS = YES;
				CLANG_WARN_EMPTY_BODY = YES;
				CLANG_WARN_ENUM_CONVERSION = YES;
				CLANG_WARN_INFINITE_RECURSION = YES;
				CLANG_WARN_INT_CONVERSION = YES;
				CLANG_WARN_NON_LITERAL_NULL_CONVERSION = YES;
				CLANG_WARN_OBJC_IMPLICIT_RETAIN_SELF = YES;
				CLANG_WARN_OBJC_LITERAL_CONVERSION = YES;
				CLANG_WARN_OBJC_ROOT_CLASS = YES_ERROR;
				CLANG_WARN_QUOTED_INCLUDE_IN_FRAMEWORK_HEADER = YES;
				CLANG_WARN_RANGE_LOOP_ANALYSIS = YES;
				CLANG_WARN_STRICT_PROTOTYPES = YES;
				CLANG_WARN_SUSPICIOUS_MOVE = YES;
				CLANG_WARN_UNGUARDED_AVAILABILITY = YES_AGGRESSIVE;
				CLANG_WARN_UNREACHABLE_CODE = YES;
				CLANG_WARN__DUPLICATE_METHOD_MATCH = YES;
				COPY_PHASE_STRIP = NO;
				DEBUG_INFORMATION_FORMAT = "dwarf-with-dsym";
				ENABLE_NS_ASSERTIONS = NO;
				ENABLE_STRICT_OBJC_MSGSEND = YES;
				ENABLE_USER_SCRIPT_SANDBOXING = YES;
				GCC_C_LANGUAGE_STANDARD = gnu17;
				GCC_NO_COMMON_BLOCKS = YES;
				GCC_WARN_64_TO_32_BIT_CONVERSION = YES;
				GCC_WARN_ABOUT_RETURN_TYPE = YES_ERROR;
				GCC_WARN_UNDECLARED_SELECTOR = YES;
				GCC_WARN_UNINITIALIZED_AUTOS = YES_AGGRESSIVE;
				GCC_WARN_UNUSED_FUNCTION = YES;
				GCC_WARN_UNUSED_VARIABLE = YES;
				IPHONEOS_DEPLOYMENT_TARGET = 17.2;
				LOCALIZATION_PREFERS_STRING_CATALOGS = YES;
				MTL_ENABLE_DEBUG_INFO = NO;
				MTL_FAST_MATH = YES;
				SDKROOT = iphoneos;
				SWIFT_COMPILATION_MODE = wholemodule;
				VALIDATE_PRODUCT = YES;
			};
			name = Release;
		};
		D7B338F02B49FE320064812F /* Debug */ = {
			isa = XCBuildConfiguration;
			buildSettings = {
				ASSETCATALOG_COMPILER_APPICON_NAME = AppIcon;
				ASSETCATALOG_COMPILER_GLOBAL_ACCENT_COLOR_NAME = AccentColor;
				CODE_SIGN_STYLE = Automatic;
				CURRENT_PROJECT_VERSION = 1;
				DEVELOPMENT_ASSET_PATHS = "\"BfaTurismoClone/Preview Content\"";
				DEVELOPMENT_TEAM = 4BP297K7GX;
				ENABLE_PREVIEWS = YES;
				GENERATE_INFOPLIST_FILE = YES;
				INFOPLIST_KEY_UIApplicationSceneManifest_Generation = YES;
				INFOPLIST_KEY_UIApplicationSupportsIndirectInputEvents = YES;
				INFOPLIST_KEY_UILaunchScreen_Generation = YES;
				INFOPLIST_KEY_UISupportedInterfaceOrientations_iPad = "UIInterfaceOrientationPortrait UIInterfaceOrientationPortraitUpsideDown UIInterfaceOrientationLandscapeLeft UIInterfaceOrientationLandscapeRight";
				INFOPLIST_KEY_UISupportedInterfaceOrientations_iPhone = "UIInterfaceOrientationPortrait UIInterfaceOrientationLandscapeLeft UIInterfaceOrientationLandscapeRight";
				LD_RUNPATH_SEARCH_PATHS = (
					"$(inherited)",
					"@executable_path/Frameworks",
				);
				MARKETING_VERSION = 1.0;
				PRODUCT_BUNDLE_IDENTIFIER = eliezer.antonio.BfaTurismoClone;
				PRODUCT_NAME = "$(TARGET_NAME)";
				SWIFT_EMIT_LOC_STRINGS = YES;
				SWIFT_VERSION = 5.0;
				TARGETED_DEVICE_FAMILY = "1,2";
			};
			name = Debug;
		};
		D7B338F12B49FE320064812F /* Release */ = {
			isa = XCBuildConfiguration;
			buildSettings = {
				ASSETCATALOG_COMPILER_APPICON_NAME = AppIcon;
				ASSETCATALOG_COMPILER_GLOBAL_ACCENT_COLOR_NAME = AccentColor;
				CODE_SIGN_STYLE = Automatic;
				CURRENT_PROJECT_VERSION = 1;
				DEVELOPMENT_ASSET_PATHS = "\"BfaTurismoClone/Preview Content\"";
				DEVELOPMENT_TEAM = 4BP297K7GX;
				ENABLE_PREVIEWS = YES;
				GENERATE_INFOPLIST_FILE = YES;
				INFOPLIST_KEY_UIApplicationSceneManifest_Generation = YES;
				INFOPLIST_KEY_UIApplicationSupportsIndirectInputEvents = YES;
				INFOPLIST_KEY_UILaunchScreen_Generation = YES;
				INFOPLIST_KEY_UISupportedInterfaceOrientations_iPad = "UIInterfaceOrientationPortrait UIInterfaceOrientationPortraitUpsideDown UIInterfaceOrientationLandscapeLeft UIInterfaceOrientationLandscapeRight";
				INFOPLIST_KEY_UISupportedInterfaceOrientations_iPhone = "UIInterfaceOrientationPortrait UIInterfaceOrientationLandscapeLeft UIInterfaceOrientationLandscapeRight";
				LD_RUNPATH_SEARCH_PATHS = (
					"$(inherited)",
					"@executable_path/Frameworks",
				);
				MARKETING_VERSION = 1.0;
				PRODUCT_BUNDLE_IDENTIFIER = eliezer.antonio.BfaTurismoClone;
				PRODUCT_NAME = "$(TARGET_NAME)";
				SWIFT_EMIT_LOC_STRINGS = YES;
				SWIFT_VERSION = 5.0;
				TARGETED_DEVICE_FAMILY = "1,2";
			};
			name = Release;
		};
/* End XCBuildConfiguration section */

/* Begin XCConfigurationList section */
		D7B338DC2B49FE300064812F /* Build configuration list for PBXProject "BfaTurismoClone" */ = {
			isa = XCConfigurationList;
			buildConfigurations = (
				D7B338ED2B49FE320064812F /* Debug */,
				D7B338EE2B49FE320064812F /* Release */,
			);
			defaultConfigurationIsVisible = 0;
			defaultConfigurationName = Release;
		};
		D7B338EF2B49FE320064812F /* Build configuration list for PBXNativeTarget "BfaTurismoClone" */ = {
			isa = XCConfigurationList;
			buildConfigurations = (
				D7B338F02B49FE320064812F /* Debug */,
				D7B338F12B49FE320064812F /* Release */,
			);
			defaultConfigurationIsVisible = 0;
			defaultConfigurationName = Release;
		};
/* End XCConfigurationList section */
	};
	rootObject = D7B338D92B49FE300064812F /* Project object */;
}
